
Microsoft Visual Studio Solution File, Format Version 12.00
# Visual Studio Version 17
VisualStudioVersion = 17.14.36109.1 d17.14
MinimumVisualStudioVersion = 10.0.40219.1
Project("{FAE04EC0-301F-11D3-BF4B-00C04F79EFBC}") = "myDockPanel", "myDockPanel\myDockPanel.csproj", "{1DAF3B45-E75E-4CC4-956C-1B4E8221BCE7}"
EndProject
Global
	GlobalSection(SolutionConfigurationPlatforms) = preSolution
		Debug|Any CPU = Debug|Any CPU
		Release|Any CPU = Release|Any CPU
	EndGlobalSection
	GlobalSection(ProjectConfigurationPlatforms) = postSolution
		{1DAF3B45-E75E-4CC4-956C-1B4E8221BCE7}.Debug|Any CPU.ActiveCfg = Debug|Any CPU
		{1DAF3B45-E75E-4CC4-956C-1B4E8221BCE7}.Debug|Any CPU.Build.0 = Debug|Any CPU
		{1DAF3B45-E75E-4CC4-956C-1B4E8221BCE7}.Release|Any CPU.ActiveCfg = Release|Any CPU
		{1DAF3B45-E75E-4CC4-956C-1B4E8221BCE7}.Release|Any CPU.Build.0 = Release|Any CPU
	EndGlobalSection
	GlobalSection(SolutionProperties) = preSolution
		HideSolutionNode = FALSE
	EndGlobalSection
	GlobalSection(ExtensibilityGlobals) = postSolution
		SolutionGuid = {D335534A-564B-40E3-B858-CE383B78C32B}
	EndGlobalSection
EndGlobal
