
Microsoft Visual Studio Solution File, Format Version 12.00
# Visual Studio Version 17
VisualStudioVersion = 17.14.36109.1 d17.14
MinimumVisualStudioVersion = 10.0.40219.1
Project("{FAE04EC0-301F-11D3-BF4B-00C04F79EFBC}") = "WinFormsAppFiles", "WinFormsAppFiles\WinFormsAppFiles.csproj", "{56B2C721-47D9-43A9-9C67-330B17DDE8BC}"
EndProject
Global
	GlobalSection(SolutionConfigurationPlatforms) = preSolution
		Debug|Any CPU = Debug|Any CPU
		Release|Any CPU = Release|Any CPU
	EndGlobalSection
	GlobalSection(ProjectConfigurationPlatforms) = postSolution
		{56B2C721-47D9-43A9-9C67-330B17DDE8BC}.Debug|Any CPU.ActiveCfg = Debug|Any CPU
		{56B2C721-47D9-43A9-9C67-330B17DDE8BC}.Debug|Any CPU.Build.0 = Debug|Any CPU
		{56B2C721-47D9-43A9-9C67-330B17DDE8BC}.Release|Any CPU.ActiveCfg = Release|Any CPU
		{56B2C721-47D9-43A9-9C67-330B17DDE8BC}.Release|Any CPU.Build.0 = Release|Any CPU
	EndGlobalSection
	GlobalSection(SolutionProperties) = preSolution
		HideSolutionNode = FALSE
	EndGlobalSection
	GlobalSection(ExtensibilityGlobals) = postSolution
		SolutionGuid = {D47D66D0-DF67-4DEF-90A3-81F33D6794CA}
	EndGlobalSection
EndGlobal
