
Microsoft Visual Studio Solution File, Format Version 12.00
# Visual Studio Version 17
VisualStudioVersion = 17.14.36109.1 d17.14
MinimumVisualStudioVersion = 10.0.40219.1
Project("{FAE04EC0-301F-11D3-BF4B-00C04F79EFBC}") = "ConsoleMatrix", "ConsoleMatrix\ConsoleMatrix.csproj", "{81D537CC-FD03-4418-81E3-319BDB1296EC}"
EndProject
Global
	GlobalSection(SolutionConfigurationPlatforms) = preSolution
		Debug|Any CPU = Debug|Any CPU
		Release|Any CPU = Release|Any CPU
	EndGlobalSection
	GlobalSection(ProjectConfigurationPlatforms) = postSolution
		{81D537CC-FD03-4418-81E3-319BDB1296EC}.Debug|Any CPU.ActiveCfg = Debug|Any CPU
		{81D537CC-FD03-4418-81E3-319BDB1296EC}.Debug|Any CPU.Build.0 = Debug|Any CPU
		{81D537CC-FD03-4418-81E3-319BDB1296EC}.Release|Any CPU.ActiveCfg = Release|Any CPU
		{81D537CC-FD03-4418-81E3-319BDB1296EC}.Release|Any CPU.Build.0 = Release|Any CPU
	EndGlobalSection
	GlobalSection(SolutionProperties) = preSolution
		HideSolutionNode = FALSE
	EndGlobalSection
	GlobalSection(ExtensibilityGlobals) = postSolution
		SolutionGuid = {0B6FBF1A-CB68-4AED-900A-7CC342AFA712}
	EndGlobalSection
EndGlobal
