
Microsoft Visual Studio Solution File, Format Version 12.00
# Visual Studio Version 17
VisualStudioVersion = 17.14.36109.1 d17.14
MinimumVisualStudioVersion = 10.0.40219.1
Project("{FAE04EC0-301F-11D3-BF4B-00C04F79EFBC}") = "twoArray", "twoArray\twoArray.csproj", "{36CB290D-5C31-44BE-A3FE-960939F68728}"
EndProject
Global
	GlobalSection(SolutionConfigurationPlatforms) = preSolution
		Debug|Any CPU = Debug|Any CPU
		Release|Any CPU = Release|Any CPU
	EndGlobalSection
	GlobalSection(ProjectConfigurationPlatforms) = postSolution
		{36CB290D-5C31-44BE-A3FE-960939F68728}.Debug|Any CPU.ActiveCfg = Debug|Any CPU
		{36CB290D-5C31-44BE-A3FE-960939F68728}.Debug|Any CPU.Build.0 = Debug|Any CPU
		{36CB290D-5C31-44BE-A3FE-960939F68728}.Release|Any CPU.ActiveCfg = Release|Any CPU
		{36CB290D-5C31-44BE-A3FE-960939F68728}.Release|Any CPU.Build.0 = Release|Any CPU
	EndGlobalSection
	GlobalSection(SolutionProperties) = preSolution
		HideSolutionNode = FALSE
	EndGlobalSection
	GlobalSection(ExtensibilityGlobals) = postSolution
		SolutionGuid = {8AD12592-FE19-4F76-9096-98DF8A1A2446}
	EndGlobalSection
EndGlobal
