
Microsoft Visual Studio Solution File, Format Version 12.00
# Visual Studio Version 17
VisualStudioVersion = 17.14.36109.1 d17.14
MinimumVisualStudioVersion = 10.0.40219.1
Project("{FAE04EC0-301F-11D3-BF4B-00C04F79EFBC}") = "SchoolStudent", "SchoolStudent\SchoolStudent.csproj", "{72CC5391-177D-4704-9A73-A3FA0649D9F1}"
EndProject
Global
	GlobalSection(SolutionConfigurationPlatforms) = preSolution
		Debug|Any CPU = Debug|Any CPU
		Release|Any CPU = Release|Any CPU
	EndGlobalSection
	GlobalSection(ProjectConfigurationPlatforms) = postSolution
		{72CC5391-177D-4704-9A73-A3FA0649D9F1}.Debug|Any CPU.ActiveCfg = Debug|Any CPU
		{72CC5391-177D-4704-9A73-A3FA0649D9F1}.Debug|Any CPU.Build.0 = Debug|Any CPU
		{72CC5391-177D-4704-9A73-A3FA0649D9F1}.Release|Any CPU.ActiveCfg = Release|Any CPU
		{72CC5391-177D-4704-9A73-A3FA0649D9F1}.Release|Any CPU.Build.0 = Release|Any CPU
	EndGlobalSection
	GlobalSection(SolutionProperties) = preSolution
		HideSolutionNode = FALSE
	EndGlobalSection
	GlobalSection(ExtensibilityGlobals) = postSolution
		SolutionGuid = {F801A516-0A3F-4BB6-8F83-FCEF2AE18061}
	EndGlobalSection
EndGlobal
