
Microsoft Visual Studio Solution File, Format Version 12.00
# Visual Studio Version 17
VisualStudioVersion = 17.14.36109.1 d17.14
MinimumVisualStudioVersion = 10.0.40219.1
Project("{FAE04EC0-301F-11D3-BF4B-00C04F79EFBC}") = "PolymorphismHM", "PolymorphismHM\PolymorphismHM.csproj", "{22C2FFF9-1956-4BF3-8050-E6C834F88EF4}"
EndProject
Global
	GlobalSection(SolutionConfigurationPlatforms) = preSolution
		Debug|Any CPU = Debug|Any CPU
		Release|Any CPU = Release|Any CPU
	EndGlobalSection
	GlobalSection(ProjectConfigurationPlatforms) = postSolution
		{22C2FFF9-1956-4BF3-8050-E6C834F88EF4}.Debug|Any CPU.ActiveCfg = Debug|Any CPU
		{22C2FFF9-1956-4BF3-8050-E6C834F88EF4}.Debug|Any CPU.Build.0 = Debug|Any CPU
		{22C2FFF9-1956-4BF3-8050-E6C834F88EF4}.Release|Any CPU.ActiveCfg = Release|Any CPU
		{22C2FFF9-1956-4BF3-8050-E6C834F88EF4}.Release|Any CPU.Build.0 = Release|Any CPU
	EndGlobalSection
	GlobalSection(SolutionProperties) = preSolution
		HideSolutionNode = FALSE
	EndGlobalSection
	GlobalSection(ExtensibilityGlobals) = postSolution
		SolutionGuid = {1A5AFCF8-79EA-4629-BC87-3E3BD1D1181E}
	EndGlobalSection
EndGlobal
